
Microsoft Visual Studio Solution File, Format Version 12.00
# Visual Studio Version 16
VisualStudioVersion = 16.0.31321.278
MinimumVisualStudioVersion = 10.0.40219.1
Project("{FAE04EC0-301F-11D3-BF4B-00C04F79EFBC}") = "MaisVelho", "MaisVelho\MaisVelho.csproj", "{40457DE0-356D-42D2-BBA0-132A03719300}"
EndProject
Global
	GlobalSection(SolutionConfigurationPlatforms) = preSolution
		Debug|Any CPU = Debug|Any CPU
		Release|Any CPU = Release|Any CPU
	EndGlobalSection
	GlobalSection(ProjectConfigurationPlatforms) = postSolution
		{40457DE0-356D-42D2-BBA0-132A03719300}.Debug|Any CPU.ActiveCfg = Debug|Any CPU
		{40457DE0-356D-42D2-BBA0-132A03719300}.Debug|Any CPU.Build.0 = Debug|Any CPU
		{40457DE0-356D-42D2-BBA0-132A03719300}.Release|Any CPU.ActiveCfg = Release|Any CPU
		{40457DE0-356D-42D2-BBA0-132A03719300}.Release|Any CPU.Build.0 = Release|Any CPU
	EndGlobalSection
	GlobalSection(SolutionProperties) = preSolution
		HideSolutionNode = FALSE
	EndGlobalSection
	GlobalSection(ExtensibilityGlobals) = postSolution
		SolutionGuid = {FE6789A0-8F9B-42CC-8586-18DB3312FB55}
	EndGlobalSection
EndGlobal
